// !$*UTF8*$!
{
	archiveVersion = 1;
	classes = {
	};
	objectVersion = 56;
	objects = {

/* Begin PBXBuildFile section */
		09088A982999CC0C000F310F /* AppDelegate.swift in Sources */ = {isa = PBXBuildFile; fileRef = 09088A972999CC0C000F310F /* AppDelegate.swift */; };
		09088A9A2999CC0C000F310F /* SceneDelegate.swift in Sources */ = {isa = PBXBuildFile; fileRef = 09088A992999CC0C000F310F /* SceneDelegate.swift */; };
		09088A9C2999CC0C000F310F /* ViewController.swift in Sources */ = {isa = PBXBuildFile; fileRef = 09088A9B2999CC0C000F310F /* ViewController.swift */; };
		09088A9F2999CC0C000F310F /* Main.storyboard in Resources */ = {isa = PBXBuildFile; fileRef = 09088A9D2999CC0C000F310F /* Main.storyboard */; };
		09088AA12999CC0D000F310F /* Assets.xcassets in Resources */ = {isa = PBXBuildFile; fileRef = 09088AA02999CC0D000F310F /* Assets.xcassets */; };
		09088AA42999CC0D000F310F /* LaunchScreen.storyboard in Resources */ = {isa = PBXBuildFile; fileRef = 09088AA22999CC0D000F310F /* LaunchScreen.storyboard */; };
		09088AAD2999CCB7000F310F /* Lottie in Frameworks */ = {isa = PBXBuildFile; productRef = 09088AAC2999CCB7000F310F /* Lottie */; };
		09088AAF2999CCE4000F310F /* LoaderVIew.swift in Sources */ = {isa = PBXBuildFile; fileRef = 09088AAE2999CCE4000F310F /* LoaderVIew.swift */; };
		09088AD72999DC35000F310F /* fish.json in Resources */ = {isa = PBXBuildFile; fileRef = 09088AD62999DC35000F310F /* fish.json */; };
		09088ADC299C7EDE000F310F /* cupid.json in Resources */ = {isa = PBXBuildFile; fileRef = 09088AD9299C7EDE000F310F /* cupid.json */; };
		09088ADD299C7EDE000F310F /* home.json in Resources */ = {isa = PBXBuildFile; fileRef = 09088ADA299C7EDE000F310F /* home.json */; };
		09088AE0299C9B5F000F310F /* agency.json in Resources */ = {isa = PBXBuildFile; fileRef = 09088ADF299C9B5F000F310F /* agency.json */; };
/* End PBXBuildFile section */

/* Begin PBXFileReference section */
		09088A942999CC0C000F310F /* fish.app */ = {isa = PBXFileReference; explicitFileType = wrapper.application; includeInIndex = 0; path = fish.app; sourceTree = BUILT_PRODUCTS_DIR; };
		09088A972999CC0C000F310F /* AppDelegate.swift */ = {isa = PBXFileReference; lastKnownFileType = sourcecode.swift; path = AppDelegate.swift; sourceTree = "<group>"; };
		09088A992999CC0C000F310F /* SceneDelegate.swift */ = {isa = PBXFileReference; lastKnownFileType = sourcecode.swift; path = SceneDelegate.swift; sourceTree = "<group>"; };
		09088A9B2999CC0C000F310F /* ViewController.swift */ = {isa = PBXFileReference; lastKnownFileType = sourcecode.swift; path = ViewController.swift; sourceTree = "<group>"; };
		09088A9E2999CC0C000F310F /* Base */ = {isa = PBXFileReference; lastKnownFileType = file.storyboard; name = Base; path = Base.lproj/Main.storyboard; sourceTree = "<group>"; };
		09088AA02999CC0D000F310F /* Assets.xcassets */ = {isa = PBXFileReference; lastKnownFileType = folder.assetcatalog; path = Assets.xcassets; sourceTree = "<group>"; };
		09088AA32999CC0D000F310F /* Base */ = {isa = PBXFileReference; lastKnownFileType = file.storyboard; name = Base; path = Base.lproj/LaunchScreen.storyboard; sourceTree = "<group>"; };
		09088AA52999CC0D000F310F /* Info.plist */ = {isa = PBXFileReference; lastKnownFileType = text.plist.xml; path = Info.plist; sourceTree = "<group>"; };
		09088AAE2999CCE4000F310F /* LoaderVIew.swift */ = {isa = PBXFileReference; lastKnownFileType = sourcecode.swift; path = LoaderVIew.swift; sourceTree = "<group>"; };
		09088AD62999DC35000F310F /* fish.json */ = {isa = PBXFileReference; fileEncoding = 4; lastKnownFileType = text.json; path = fish.json; sourceTree = "<group>"; };
		09088AD9299C7EDE000F310F /* cupid.json */ = {isa = PBXFileReference; fileEncoding = 4; lastKnownFileType = text.json; path = cupid.json; sourceTree = "<group>"; };
		09088ADA299C7EDE000F310F /* home.json */ = {isa = PBXFileReference; fileEncoding = 4; lastKnownFileType = text.json; path = home.json; sourceTree = "<group>"; };
		09088ADF299C9B5F000F310F /* agency.json */ = {isa = PBXFileReference; fileEncoding = 4; lastKnownFileType = text.json; path = agency.json; sourceTree = "<group>"; };
/* End PBXFileReference section */

/* Begin PBXFrameworksBuildPhase section */
		09088A912999CC0C000F310F /* Frameworks */ = {
			isa = PBXFrameworksBuildPhase;
			buildActionMask = 2147483647;
			files = (
				09088AAD2999CCB7000F310F /* Lottie in Frameworks */,
			);
			runOnlyForDeploymentPostprocessing = 0;
		};
/* End PBXFrameworksBuildPhase section */

/* Begin PBXGroup section */
		09088A8B2999CC0C000F310F = {
			isa = PBXGroup;
			children = (
				09088A962999CC0C000F310F /* fish */,
				09088A952999CC0C000F310F /* Products */,
				09088AD82999DD03000F310F /* Frameworks */,
			);
			sourceTree = "<group>";
		};
		09088A952999CC0C000F310F /* Products */ = {
			isa = PBXGroup;
			children = (
				09088A942999CC0C000F310F /* fish.app */,
			);
			name = Products;
			sourceTree = "<group>";
		};
		09088A962999CC0C000F310F /* fish */ = {
			isa = PBXGroup;
			children = (
				09088ADF299C9B5F000F310F /* agency.json */,
				09088AD9299C7EDE000F310F /* cupid.json */,
				09088ADA299C7EDE000F310F /* home.json */,
				09088AD62999DC35000F310F /* fish.json */,
				09088A972999CC0C000F310F /* AppDelegate.swift */,
				09088A992999CC0C000F310F /* SceneDelegate.swift */,
				09088A9B2999CC0C000F310F /* ViewController.swift */,
				09088A9D2999CC0C000F310F /* Main.storyboard */,
				09088AA02999CC0D000F310F /* Assets.xcassets */,
				09088AA22999CC0D000F310F /* LaunchScreen.storyboard */,
				09088AA52999CC0D000F310F /* Info.plist */,
				09088AAE2999CCE4000F310F /* LoaderVIew.swift */,
			);
			path = fish;
			sourceTree = "<group>";
		};
		09088AD82999DD03000F310F /* Frameworks */ = {
			isa = PBXGroup;
			children = (
			);
			name = Frameworks;
			sourceTree = "<group>";
		};
/* End PBXGroup section */

/* Begin PBXNativeTarget section */
		09088A932999CC0C000F310F /* fish */ = {
			isa = PBXNativeTarget;
			buildConfigurationList = 09088AA82999CC0D000F310F /* Build configuration list for PBXNativeTarget "fish" */;
			buildPhases = (
				09088A902999CC0C000F310F /* Sources */,
				09088A912999CC0C000F310F /* Frameworks */,
				09088A922999CC0C000F310F /* Resources */,
			);
			buildRules = (
			);
			dependencies = (
			);
			name = fish;
			packageProductDependencies = (
				09088AAC2999CCB7000F310F /* Lottie */,
			);
			productName = fish;
			productReference = 09088A942999CC0C000F310F /* fish.app */;
			productType = "com.apple.product-type.application";
		};
/* End PBXNativeTarget section */

/* Begin PBXProject section */
		09088A8C2999CC0C000F310F /* Project object */ = {
			isa = PBXProject;
			attributes = {
				BuildIndependentTargetsInParallel = 1;
				LastSwiftUpdateCheck = 1420;
				LastUpgradeCheck = 1420;
				TargetAttributes = {
					09088A932999CC0C000F310F = {
						CreatedOnToolsVersion = 14.2;
					};
				};
			};
			buildConfigurationList = 09088A8F2999CC0C000F310F /* Build configuration list for PBXProject "fish" */;
			compatibilityVersion = "Xcode 14.0";
			developmentRegion = en;
			hasScannedForEncodings = 0;
			knownRegions = (
				en,
				Base,
			);
			mainGroup = 09088A8B2999CC0C000F310F;
			packageReferences = (
				09088AAB2999CCB7000F310F /* XCRemoteSwiftPackageReference "lottie-ios" */,
			);
			productRefGroup = 09088A952999CC0C000F310F /* Products */;
			projectDirPath = "";
			projectRoot = "";
			targets = (
				09088A932999CC0C000F310F /* fish */,
			);
		};
/* End PBXProject section */

/* Begin PBXResourcesBuildPhase section */
		09088A922999CC0C000F310F /* Resources */ = {
			isa = PBXResourcesBuildPhase;
			buildActionMask = 2147483647;
			files = (
				09088AA42999CC0D000F310F /* LaunchScreen.storyboard in Resources */,
				09088ADC299C7EDE000F310F /* cupid.json in Resources */,
				09088AA12999CC0D000F310F /* Assets.xcassets in Resources */,
				09088AE0299C9B5F000F310F /* agency.json in Resources */,
				09088A9F2999CC0C000F310F /* Main.storyboard in Resources */,
				09088ADD299C7EDE000F310F /* home.json in Resources */,
				09088AD72999DC35000F310F /* fish.json in Resources */,
			);
			runOnlyForDeploymentPostprocessing = 0;
		};
/* End PBXResourcesBuildPhase section */

/* Begin PBXSourcesBuildPhase section */
		09088A902999CC0C000F310F /* Sources */ = {
			isa = PBXSourcesBuildPhase;
			buildActionMask = 2147483647;
			files = (
				09088A9C2999CC0C000F310F /* ViewController.swift in Sources */,
				09088AAF2999CCE4000F310F /* LoaderVIew.swift in Sources */,
				09088A982999CC0C000F310F /* AppDelegate.swift in Sources */,
				09088A9A2999CC0C000F310F /* SceneDelegate.swift in Sources */,
			);
			runOnlyForDeploymentPostprocessing = 0;
		};
/* End PBXSourcesBuildPhase section */

/* Begin PBXVariantGroup section */
		09088A9D2999CC0C000F310F /* Main.storyboard */ = {
			isa = PBXVariantGroup;
			children = (
				09088A9E2999CC0C000F310F /* Base */,
			);
			name = Main.storyboard;
			sourceTree = "<group>";
		};
		09088AA22999CC0D000F310F /* LaunchScreen.storyboard */ = {
			isa = PBXVariantGroup;
			children = (
				09088AA32999CC0D000F310F /* Base */,
			);
			name = LaunchScreen.storyboard;
			sourceTree = "<group>";
		};
/* End PBXVariantGroup section */

/* Begin XCBuildConfiguration section */
		09088AA62999CC0D000F310F /* Debug */ = {
			isa = XCBuildConfiguration;
			buildSettings = {
				ALWAYS_SEARCH_USER_PATHS = NO;
				CLANG_ANALYZER_NONNULL = YES;
				CLANG_ANALYZER_NUMBER_OBJECT_CONVERSION = YES_AGGRESSIVE;
				CLANG_CXX_LANGUAGE_STANDARD = "gnu++20";
				CLANG_ENABLE_MODULES = YES;
				CLANG_ENABLE_OBJC_ARC = YES;
				CLANG_ENABLE_OBJC_WEAK = YES;
				CLANG_WARN_BLOCK_CAPTURE_AUTORELEASING = YES;
				CLANG_WARN_BOOL_CONVERSION = YES;
				CLANG_WARN_COMMA = YES;
				CLANG_WARN_CONSTANT_CONVERSION = YES;
				CLANG_WARN_DEPRECATED_OBJC_IMPLEMENTATIONS = YES;
				CLANG_WARN_DIRECT_OBJC_ISA_USAGE = YES_ERROR;
				CLANG_WARN_DOCUMENTATION_COMMENTS = YES;
				CLANG_WARN_EMPTY_BODY = YES;
				CLANG_WARN_ENUM_CONVERSION = YES;
				CLANG_WARN_INFINITE_RECURSION = YES;
				CLANG_WARN_INT_CONVERSION = YES;
				CLANG_WARN_NON_LITERAL_NULL_CONVERSION = YES;
				CLANG_WARN_OBJC_IMPLICIT_RETAIN_SELF = YES;
				CLANG_WARN_OBJC_LITERAL_CONVERSION = YES;
				CLANG_WARN_OBJC_ROOT_CLASS = YES_ERROR;
				CLANG_WARN_QUOTED_INCLUDE_IN_FRAMEWORK_HEADER = YES;
				CLANG_WARN_RANGE_LOOP_ANALYSIS = YES;
				CLANG_WARN_STRICT_PROTOTYPES = YES;
				CLANG_WARN_SUSPICIOUS_MOVE = YES;
				CLANG_WARN_UNGUARDED_AVAILABILITY = YES_AGGRESSIVE;
				CLANG_WARN_UNREACHABLE_CODE = YES;
				CLANG_WARN__DUPLICATE_METHOD_MATCH = YES;
				COPY_PHASE_STRIP = NO;
				DEBUG_INFORMATION_FORMAT = dwarf;
				ENABLE_STRICT_OBJC_MSGSEND = YES;
				ENABLE_TESTABILITY = YES;
				GCC_C_LANGUAGE_STANDARD = gnu11;
				GCC_DYNAMIC_NO_PIC = NO;
				GCC_NO_COMMON_BLOCKS = YES;
				GCC_OPTIMIZATION_LEVEL = 0;
				GCC_PREPROCESSOR_DEFINITIONS = (
					"DEBUG=1",
					"$(inherited)",
				);
				GCC_WARN_64_TO_32_BIT_CONVERSION = YES;
				GCC_WARN_ABOUT_RETURN_TYPE = YES_ERROR;
				GCC_WARN_UNDECLARED_SELECTOR = YES;
				GCC_WARN_UNINITIALIZED_AUTOS = YES_AGGRESSIVE;
				GCC_WARN_UNUSED_FUNCTION = YES;
				GCC_WARN_UNUSED_VARIABLE = YES;
				IPHONEOS_DEPLOYMENT_TARGET = 16.2;
				MTL_ENABLE_DEBUG_INFO = INCLUDE_SOURCE;
				MTL_FAST_MATH = YES;
				ONLY_ACTIVE_ARCH = YES;
				SDKROOT = iphoneos;
				SWIFT_ACTIVE_COMPILATION_CONDITIONS = DEBUG;
				SWIFT_OPTIMIZATION_LEVEL = "-Onone";
			};
			name = Debug;
		};
		09088AA72999CC0D000F310F /* Release */ = {
			isa = XCBuildConfiguration;
			buildSettings = {
				ALWAYS_SEARCH_USER_PATHS = NO;
				CLANG_ANALYZER_NONNULL = YES;
				CLANG_ANALYZER_NUMBER_OBJECT_CONVERSION = YES_AGGRESSIVE;
				CLANG_CXX_LANGUAGE_STANDARD = "gnu++20";
				CLANG_ENABLE_MODULES = YES;
				CLANG_ENABLE_OBJC_ARC = YES;
				CLANG_ENABLE_OBJC_WEAK = YES;
				CLANG_WARN_BLOCK_CAPTURE_AUTORELEASING = YES;
				CLANG_WARN_BOOL_CONVERSION = YES;
				CLANG_WARN_COMMA = YES;
				CLANG_WARN_CONSTANT_CONVERSION = YES;
				CLANG_WARN_DEPRECATED_OBJC_IMPLEMENTATIONS = YES;
				CLANG_WARN_DIRECT_OBJC_ISA_USAGE = YES_ERROR;
				CLANG_WARN_DOCUMENTATION_COMMENTS = YES;
				CLANG_WARN_EMPTY_BODY = YES;
				CLANG_WARN_ENUM_CONVERSION = YES;
				CLANG_WARN_INFINITE_RECURSION = YES;
				CLANG_WARN_INT_CONVERSION = YES;
				CLANG_WARN_NON_LITERAL_NULL_CONVERSION = YES;
				CLANG_WARN_OBJC_IMPLICIT_RETAIN_SELF = YES;
				CLANG_WARN_OBJC_LITERAL_CONVERSION = YES;
				CLANG_WARN_OBJC_ROOT_CLASS = YES_ERROR;
				CLANG_WARN_QUOTED_INCLUDE_IN_FRAMEWORK_HEADER = YES;
				CLANG_WARN_RANGE_LOOP_ANALYSIS = YES;
				CLANG_WARN_STRICT_PROTOTYPES = YES;
				CLANG_WARN_SUSPICIOUS_MOVE = YES;
				CLANG_WARN_UNGUARDED_AVAILABILITY = YES_AGGRESSIVE;
				CLANG_WARN_UNREACHABLE_CODE = YES;
				CLANG_WARN__DUPLICATE_METHOD_MATCH = YES;
				COPY_PHASE_STRIP = NO;
				DEBUG_INFORMATION_FORMAT = "dwarf-with-dsym";
				ENABLE_NS_ASSERTIONS = NO;
				ENABLE_STRICT_OBJC_MSGSEND = YES;
				GCC_C_LANGUAGE_STANDARD = gnu11;
				GCC_NO_COMMON_BLOCKS = YES;
				GCC_WARN_64_TO_32_BIT_CONVERSION = YES;
				GCC_WARN_ABOUT_RETURN_TYPE = YES_ERROR;
				GCC_WARN_UNDECLARED_SELECTOR = YES;
				GCC_WARN_UNINITIALIZED_AUTOS = YES_AGGRESSIVE;
				GCC_WARN_UNUSED_FUNCTION = YES;
				GCC_WARN_UNUSED_VARIABLE = YES;
				IPHONEOS_DEPLOYMENT_TARGET = 16.2;
				MTL_ENABLE_DEBUG_INFO = NO;
				MTL_FAST_MATH = YES;
				SDKROOT = iphoneos;
				SWIFT_COMPILATION_MODE = wholemodule;
				SWIFT_OPTIMIZATION_LEVEL = "-O";
				VALIDATE_PRODUCT = YES;
			};
			name = Release;
		};
		09088AA92999CC0D000F310F /* Debug */ = {
			isa = XCBuildConfiguration;
			buildSettings = {
				ASSETCATALOG_COMPILER_APPICON_NAME = AppIcon;
				ASSETCATALOG_COMPILER_GLOBAL_ACCENT_COLOR_NAME = AccentColor;
				CODE_SIGN_STYLE = Automatic;
				CURRENT_PROJECT_VERSION = 1;
				DEVELOPMENT_TEAM = SREADTQY87;
				GENERATE_INFOPLIST_FILE = YES;
				INFOPLIST_FILE = fish/Info.plist;
				INFOPLIST_KEY_UIApplicationSupportsIndirectInputEvents = YES;
				INFOPLIST_KEY_UILaunchStoryboardName = LaunchScreen;
				INFOPLIST_KEY_UIMainStoryboardFile = Main;
				INFOPLIST_KEY_UISupportedInterfaceOrientations_iPad = "UIInterfaceOrientationPortrait UIInterfaceOrientationPortraitUpsideDown UIInterfaceOrientationLandscapeLeft UIInterfaceOrientationLandscapeRight";
				INFOPLIST_KEY_UISupportedInterfaceOrientations_iPhone = "UIInterfaceOrientationPortrait UIInterfaceOrientationLandscapeLeft UIInterfaceOrientationLandscapeRight";
				IPHONEOS_DEPLOYMENT_TARGET = 15.0;
				LD_RUNPATH_SEARCH_PATHS = (
					"$(inherited)",
					"@executable_path/Frameworks",
				);
				MARKETING_VERSION = 1.0;
				PRODUCT_BUNDLE_IDENTIFIER = perez.grisel.Animations.fish;
				PRODUCT_NAME = "$(TARGET_NAME)";
				SWIFT_EMIT_LOC_STRINGS = YES;
				SWIFT_VERSION = 5.0;
				TARGETED_DEVICE_FAMILY = "1,2";
			};
			name = Debug;
		};
		09088AAA2999CC0D000F310F /* Release */ = {
			isa = XCBuildConfiguration;
			buildSettings = {
				ASSETCATALOG_COMPILER_APPICON_NAME = AppIcon;
				ASSETCATALOG_COMPILER_GLOBAL_ACCENT_COLOR_NAME = AccentColor;
				CODE_SIGN_STYLE = Automatic;
				CURRENT_PROJECT_VERSION = 1;
				DEVELOPMENT_TEAM = SREADTQY87;
				GENERATE_INFOPLIST_FILE = YES;
				INFOPLIST_FILE = fish/Info.plist;
				INFOPLIST_KEY_UIApplicationSupportsIndirectInputEvents = YES;
				INFOPLIST_KEY_UILaunchStoryboardName = LaunchScreen;
				INFOPLIST_KEY_UIMainStoryboardFile = Main;
				INFOPLIST_KEY_UISupportedInterfaceOrientations_iPad = "UIInterfaceOrientationPortrait UIInterfaceOrientationPortraitUpsideDown UIInterfaceOrientationLandscapeLeft UIInterfaceOrientationLandscapeRight";
				INFOPLIST_KEY_UISupportedInterfaceOrientations_iPhone = "UIInterfaceOrientationPortrait UIInterfaceOrientationLandscapeLeft UIInterfaceOrientationLandscapeRight";
				IPHONEOS_DEPLOYMENT_TARGET = 15.0;
				LD_RUNPATH_SEARCH_PATHS = (
					"$(inherited)",
					"@executable_path/Frameworks",
				);
				MARKETING_VERSION = 1.0;
				PRODUCT_BUNDLE_IDENTIFIER = perez.grisel.Animations.fish;
				PRODUCT_NAME = "$(TARGET_NAME)";
				SWIFT_EMIT_LOC_STRINGS = YES;
				SWIFT_VERSION = 5.0;
				TARGETED_DEVICE_FAMILY = "1,2";
			};
			name = Release;
		};
/* End XCBuildConfiguration section */

/* Begin XCConfigurationList section */
		09088A8F2999CC0C000F310F /* Build configuration list for PBXProject "fish" */ = {
			isa = XCConfigurationList;
			buildConfigurations = (
				09088AA62999CC0D000F310F /* Debug */,
				09088AA72999CC0D000F310F /* Release */,
			);
			defaultConfigurationIsVisible = 0;
			defaultConfigurationName = Release;
		};
		09088AA82999CC0D000F310F /* Build configuration list for PBXNativeTarget "fish" */ = {
			isa = XCConfigurationList;
			buildConfigurations = (
				09088AA92999CC0D000F310F /* Debug */,
				09088AAA2999CC0D000F310F /* Release */,
			);
			defaultConfigurationIsVisible = 0;
			defaultConfigurationName = Release;
		};
/* End XCConfigurationList section */

/* Begin XCRemoteSwiftPackageReference section */
		09088AAB2999CCB7000F310F /* XCRemoteSwiftPackageReference "lottie-ios" */ = {
			isa = XCRemoteSwiftPackageReference;
			repositoryURL = "https://github.com/airbnb/lottie-ios.git";
			requirement = {
				kind = upToNextMajorVersion;
				minimumVersion = 4.0.0;
			};
		};
/* End XCRemoteSwiftPackageReference section */

/* Begin XCSwiftPackageProductDependency section */
		09088AAC2999CCB7000F310F /* Lottie */ = {
			isa = XCSwiftPackageProductDependency;
			package = 09088AAB2999CCB7000F310F /* XCRemoteSwiftPackageReference "lottie-ios" */;
			productName = Lottie;
		};
/* End XCSwiftPackageProductDependency section */
	};
	rootObject = 09088A8C2999CC0C000F310F /* Project object */;
}
